
Microsoft Visual Studio Solution File, Format Version 12.00
# Visual Studio Version 17
VisualStudioVersion = 17.5.33209.295
MinimumVisualStudioVersion = 10.0.40219.1
Project("{FAE04EC0-301F-11D3-BF4B-00C04F79EFBC}") = "learn-avalonia", "learn-avalonia\learn-avalonia.csproj", "{DBABF66C-78AF-4950-8728-A1AC634AC877}"
EndProject
Global
	GlobalSection(SolutionConfigurationPlatforms) = preSolution
		Debug|Any CPU = Debug|Any CPU
		Debug|ARM64 = Debug|ARM64
		Debug|x64 = Debug|x64
		Release|Any CPU = Release|Any CPU
		Release|ARM64 = Release|ARM64
		Release|x64 = Release|x64
	EndGlobalSection
	GlobalSection(ProjectConfigurationPlatforms) = postSolution
		{DBABF66C-78AF-4950-8728-A1AC634AC877}.Debug|Any CPU.ActiveCfg = Debug|x64
		{DBABF66C-78AF-4950-8728-A1AC634AC877}.Debug|ARM64.ActiveCfg = Debug|x64
		{DBABF66C-78AF-4950-8728-A1AC634AC877}.Debug|ARM64.Build.0 = Debug|x64
		{DBABF66C-78AF-4950-8728-A1AC634AC877}.Debug|x64.ActiveCfg = Debug|x64
		{DBABF66C-78AF-4950-8728-A1AC634AC877}.Debug|x64.Build.0 = Debug|x64
		{DBABF66C-78AF-4950-8728-A1AC634AC877}.Release|Any CPU.ActiveCfg = Release|x64
		{DBABF66C-78AF-4950-8728-A1AC634AC877}.Release|ARM64.ActiveCfg = Release|ARM64
		{DBABF66C-78AF-4950-8728-A1AC634AC877}.Release|ARM64.Build.0 = Release|ARM64
		{DBABF66C-78AF-4950-8728-A1AC634AC877}.Release|x64.ActiveCfg = Release|x64
		{DBABF66C-78AF-4950-8728-A1AC634AC877}.Release|x64.Build.0 = Release|x64
	EndGlobalSection
	GlobalSection(SolutionProperties) = preSolution
		HideSolutionNode = FALSE
	EndGlobalSection
	GlobalSection(ExtensibilityGlobals) = postSolution
		SolutionGuid = {4AAEFB4F-5DCE-4223-B61F-698C535B8E05}
	EndGlobalSection
EndGlobal
